# THIS IS AN AUTOGENERATED FILE. DO NOT EDIT THIS FILE DIRECTLY.
# yarn lockfile v1


geolib@^3.1.0:
  version "3.1.0"
  resolved "https://registry.yarnpkg.com/geolib/-/geolib-3.1.0.tgz#c2b5124105f2cc37f097700f8ec63e65c7061920"
  integrity sha512-46P2RFHUskJGVi8jE389tK2CPmpnpU+7bRr3hQks7ojU7dEqtqKbih+yB1nBXTTpUUt47VPen16oMV3P6IRQyg==
